// !$*UTF8*$!
{
	archiveVersion = 1;
	classes = {
	};
	objectVersion = 50;
	objects = {

/* Begin PBXBuildFile section */
		52350DC5233A7E2E007F2937 /* AppDelegate.swift in Sources */ = {isa = PBXBuildFile; fileRef = 52350DC4233A7E2E007F2937 /* AppDelegate.swift */; };
		52350DC7233A7E2E007F2937 /* SceneDelegate.swift in Sources */ = {isa = PBXBuildFile; fileRef = 52350DC6233A7E2E007F2937 /* SceneDelegate.swift */; };
		52350DC9233A7E2E007F2937 /* MainView.swift in Sources */ = {isa = PBXBuildFile; fileRef = 52350DC8233A7E2E007F2937 /* MainView.swift */; };
		52350DCB233A7E30007F2937 /* Assets.xcassets in Resources */ = {isa = PBXBuildFile; fileRef = 52350DCA233A7E30007F2937 /* Assets.xcassets */; };
		52350DCE233A7E30007F2937 /* Preview Assets.xcassets in Resources */ = {isa = PBXBuildFile; fileRef = 52350DCD233A7E30007F2937 /* Preview Assets.xcassets */; };
		52350DD1233A7E30007F2937 /* LaunchScreen.storyboard in Resources */ = {isa = PBXBuildFile; fileRef = 52350DCF233A7E30007F2937 /* LaunchScreen.storyboard */; };
		52350DD9233A821A007F2937 /* ImagePickerController.swift in Sources */ = {isa = PBXBuildFile; fileRef = 52350DD8233A821A007F2937 /* ImagePickerController.swift */; };
		52350DDB233A82D6007F2937 /* ImagePickerViewModel.swift in Sources */ = {isa = PBXBuildFile; fileRef = 52350DDA233A82D6007F2937 /* ImagePickerViewModel.swift */; };
		52350DDD233A83B9007F2937 /* NotificationExtensions.swift in Sources */ = {isa = PBXBuildFile; fileRef = 52350DDC233A83B9007F2937 /* NotificationExtensions.swift */; };
/* End PBXBuildFile section */

/* Begin PBXFileReference section */
		52350DC1233A7E2E007F2937 /* ImagePickerSwiftUI.app */ = {isa = PBXFileReference; explicitFileType = wrapper.application; includeInIndex = 0; path = ImagePickerSwiftUI.app; sourceTree = BUILT_PRODUCTS_DIR; };
		52350DC4233A7E2E007F2937 /* AppDelegate.swift */ = {isa = PBXFileReference; lastKnownFileType = sourcecode.swift; path = AppDelegate.swift; sourceTree = "<group>"; };
		52350DC6233A7E2E007F2937 /* SceneDelegate.swift */ = {isa = PBXFileReference; lastKnownFileType = sourcecode.swift; path = SceneDelegate.swift; sourceTree = "<group>"; };
		52350DC8233A7E2E007F2937 /* MainView.swift */ = {isa = PBXFileReference; lastKnownFileType = sourcecode.swift; path = MainView.swift; sourceTree = "<group>"; };
		52350DCA233A7E30007F2937 /* Assets.xcassets */ = {isa = PBXFileReference; lastKnownFileType = folder.assetcatalog; path = Assets.xcassets; sourceTree = "<group>"; };
		52350DCD233A7E30007F2937 /* Preview Assets.xcassets */ = {isa = PBXFileReference; lastKnownFileType = folder.assetcatalog; path = "Preview Assets.xcassets"; sourceTree = "<group>"; };
		52350DD0233A7E30007F2937 /* Base */ = {isa = PBXFileReference; lastKnownFileType = file.storyboard; name = Base; path = Base.lproj/LaunchScreen.storyboard; sourceTree = "<group>"; };
		52350DD2233A7E30007F2937 /* Info.plist */ = {isa = PBXFileReference; lastKnownFileType = text.plist.xml; path = Info.plist; sourceTree = "<group>"; };
		52350DD8233A821A007F2937 /* ImagePickerController.swift */ = {isa = PBXFileReference; lastKnownFileType = sourcecode.swift; path = ImagePickerController.swift; sourceTree = "<group>"; };
		52350DDA233A82D6007F2937 /* ImagePickerViewModel.swift */ = {isa = PBXFileReference; lastKnownFileType = sourcecode.swift; path = ImagePickerViewModel.swift; sourceTree = "<group>"; };
		52350DDC233A83B9007F2937 /* NotificationExtensions.swift */ = {isa = PBXFileReference; lastKnownFileType = sourcecode.swift; path = NotificationExtensions.swift; sourceTree = "<group>"; };
/* End PBXFileReference section */

/* Begin PBXFrameworksBuildPhase section */
		52350DBE233A7E2E007F2937 /* Frameworks */ = {
			isa = PBXFrameworksBuildPhase;
			buildActionMask = 2147483647;
			files = (
			);
			runOnlyForDeploymentPostprocessing = 0;
		};
/* End PBXFrameworksBuildPhase section */

/* Begin PBXGroup section */
		52350DB8233A7E2E007F2937 = {
			isa = PBXGroup;
			children = (
				52350DC3233A7E2E007F2937 /* ImagePickerSwiftUI */,
				52350DC2233A7E2E007F2937 /* Products */,
			);
			sourceTree = "<group>";
		};
		52350DC2233A7E2E007F2937 /* Products */ = {
			isa = PBXGroup;
			children = (
				52350DC1233A7E2E007F2937 /* ImagePickerSwiftUI.app */,
			);
			name = Products;
			sourceTree = "<group>";
		};
		52350DC3233A7E2E007F2937 /* ImagePickerSwiftUI */ = {
			isa = PBXGroup;
			children = (
				52350DC4233A7E2E007F2937 /* AppDelegate.swift */,
				52350DC6233A7E2E007F2937 /* SceneDelegate.swift */,
				52350DC8233A7E2E007F2937 /* MainView.swift */,
				52350DD8233A821A007F2937 /* ImagePickerController.swift */,
				52350DDA233A82D6007F2937 /* ImagePickerViewModel.swift */,
				52350DDC233A83B9007F2937 /* NotificationExtensions.swift */,
				52350DCA233A7E30007F2937 /* Assets.xcassets */,
				52350DCF233A7E30007F2937 /* LaunchScreen.storyboard */,
				52350DD2233A7E30007F2937 /* Info.plist */,
				52350DCC233A7E30007F2937 /* Preview Content */,
			);
			path = ImagePickerSwiftUI;
			sourceTree = "<group>";
		};
		52350DCC233A7E30007F2937 /* Preview Content */ = {
			isa = PBXGroup;
			children = (
				52350DCD233A7E30007F2937 /* Preview Assets.xcassets */,
			);
			path = "Preview Content";
			sourceTree = "<group>";
		};
/* End PBXGroup section */

/* Begin PBXNativeTarget section */
		52350DC0233A7E2E007F2937 /* ImagePickerSwiftUI */ = {
			isa = PBXNativeTarget;
			buildConfigurationList = 52350DD5233A7E30007F2937 /* Build configuration list for PBXNativeTarget "ImagePickerSwiftUI" */;
			buildPhases = (
				52350DBD233A7E2E007F2937 /* Sources */,
				52350DBE233A7E2E007F2937 /* Frameworks */,
				52350DBF233A7E2E007F2937 /* Resources */,
			);
			buildRules = (
			);
			dependencies = (
			);
			name = ImagePickerSwiftUI;
			productName = ImagePickerSwiftUI;
			productReference = 52350DC1233A7E2E007F2937 /* ImagePickerSwiftUI.app */;
			productType = "com.apple.product-type.application";
		};
/* End PBXNativeTarget section */

/* Begin PBXProject section */
		52350DB9233A7E2E007F2937 /* Project object */ = {
			isa = PBXProject;
			attributes = {
				LastSwiftUpdateCheck = 1100;
				LastUpgradeCheck = 1100;
				ORGANIZATIONNAME = "Zhengqian Kuang";
				TargetAttributes = {
					52350DC0233A7E2E007F2937 = {
						CreatedOnToolsVersion = 11.0;
					};
				};
			};
			buildConfigurationList = 52350DBC233A7E2E007F2937 /* Build configuration list for PBXProject "ImagePickerSwiftUI" */;
			compatibilityVersion = "Xcode 9.3";
			developmentRegion = en;
			hasScannedForEncodings = 0;
			knownRegions = (
				en,
				Base,
			);
			mainGroup = 52350DB8233A7E2E007F2937;
			productRefGroup = 52350DC2233A7E2E007F2937 /* Products */;
			projectDirPath = "";
			projectRoot = "";
			targets = (
				52350DC0233A7E2E007F2937 /* ImagePickerSwiftUI */,
			);
		};
/* End PBXProject section */

/* Begin PBXResourcesBuildPhase section */
		52350DBF233A7E2E007F2937 /* Resources */ = {
			isa = PBXResourcesBuildPhase;
			buildActionMask = 2147483647;
			files = (
				52350DD1233A7E30007F2937 /* LaunchScreen.storyboard in Resources */,
				52350DCE233A7E30007F2937 /* Preview Assets.xcassets in Resources */,
				52350DCB233A7E30007F2937 /* Assets.xcassets in Resources */,
			);
			runOnlyForDeploymentPostprocessing = 0;
		};
/* End PBXResourcesBuildPhase section */

/* Begin PBXSourcesBuildPhase section */
		52350DBD233A7E2E007F2937 /* Sources */ = {
			isa = PBXSourcesBuildPhase;
			buildActionMask = 2147483647;
			files = (
				52350DD9233A821A007F2937 /* ImagePickerController.swift in Sources */,
				52350DDB233A82D6007F2937 /* ImagePickerViewModel.swift in Sources */,
				52350DC5233A7E2E007F2937 /* AppDelegate.swift in Sources */,
				52350DC7233A7E2E007F2937 /* SceneDelegate.swift in Sources */,
				52350DDD233A83B9007F2937 /* NotificationExtensions.swift in Sources */,
				52350DC9233A7E2E007F2937 /* MainView.swift in Sources */,
			);
			runOnlyForDeploymentPostprocessing = 0;
		};
/* End PBXSourcesBuildPhase section */

/* Begin PBXVariantGroup section */
		52350DCF233A7E30007F2937 /* LaunchScreen.storyboard */ = {
			isa = PBXVariantGroup;
			children = (
				52350DD0233A7E30007F2937 /* Base */,
			);
			name = LaunchScreen.storyboard;
			sourceTree = "<group>";
		};
/* End PBXVariantGroup section */

/* Begin XCBuildConfiguration section */
		52350DD3233A7E30007F2937 /* Debug */ = {
			isa = XCBuildConfiguration;
			buildSettings = {
				ALWAYS_SEARCH_USER_PATHS = NO;
				CLANG_ANALYZER_NONNULL = YES;
				CLANG_ANALYZER_NUMBER_OBJECT_CONVERSION = YES_AGGRESSIVE;
				CLANG_CXX_LANGUAGE_STANDARD = "gnu++14";
				CLANG_CXX_LIBRARY = "libc++";
				CLANG_ENABLE_MODULES = YES;
				CLANG_ENABLE_OBJC_ARC = YES;
				CLANG_ENABLE_OBJC_WEAK = YES;
				CLANG_WARN_BLOCK_CAPTURE_AUTORELEASING = YES;
				CLANG_WARN_BOOL_CONVERSION = YES;
				CLANG_WARN_COMMA = YES;
				CLANG_WARN_CONSTANT_CONVERSION = YES;
				CLANG_WARN_DEPRECATED_OBJC_IMPLEMENTATIONS = YES;
				CLANG_WARN_DIRECT_OBJC_ISA_USAGE = YES_ERROR;
				CLANG_WARN_DOCUMENTATION_COMMENTS = YES;
				CLANG_WARN_EMPTY_BODY = YES;
				CLANG_WARN_ENUM_CONVERSION = YES;
				CLANG_WARN_INFINITE_RECURSION = YES;
				CLANG_WARN_INT_CONVERSION = YES;
				CLANG_WARN_NON_LITERAL_NULL_CONVERSION = YES;
				CLANG_WARN_OBJC_IMPLICIT_RETAIN_SELF = YES;
				CLANG_WARN_OBJC_LITERAL_CONVERSION = YES;
				CLANG_WARN_OBJC_ROOT_CLASS = YES_ERROR;
				CLANG_WARN_RANGE_LOOP_ANALYSIS = YES;
				CLANG_WARN_STRICT_PROTOTYPES = YES;
				CLANG_WARN_SUSPICIOUS_MOVE = YES;
				CLANG_WARN_UNGUARDED_AVAILABILITY = YES_AGGRESSIVE;
				CLANG_WARN_UNREACHABLE_CODE = YES;
				CLANG_WARN__DUPLICATE_METHOD_MATCH = YES;
				COPY_PHASE_STRIP = NO;
				DEBUG_INFORMATION_FORMAT = dwarf;
				ENABLE_STRICT_OBJC_MSGSEND = YES;
				ENABLE_TESTABILITY = YES;
				GCC_C_LANGUAGE_STANDARD = gnu11;
				GCC_DYNAMIC_NO_PIC = NO;
				GCC_NO_COMMON_BLOCKS = YES;
				GCC_OPTIMIZATION_LEVEL = 0;
				GCC_PREPROCESSOR_DEFINITIONS = (
					"DEBUG=1",
					"$(inherited)",
				);
				GCC_WARN_64_TO_32_BIT_CONVERSION = YES;
				GCC_WARN_ABOUT_RETURN_TYPE = YES_ERROR;
				GCC_WARN_UNDECLARED_SELECTOR = YES;
				GCC_WARN_UNINITIALIZED_AUTOS = YES_AGGRESSIVE;
				GCC_WARN_UNUSED_FUNCTION = YES;
				GCC_WARN_UNUSED_VARIABLE = YES;
				IPHONEOS_DEPLOYMENT_TARGET = 13.0;
				MTL_ENABLE_DEBUG_INFO = INCLUDE_SOURCE;
				MTL_FAST_MATH = YES;
				ONLY_ACTIVE_ARCH = YES;
				SDKROOT = iphoneos;
				SWIFT_ACTIVE_COMPILATION_CONDITIONS = DEBUG;
				SWIFT_OPTIMIZATION_LEVEL = "-Onone";
			};
			name = Debug;
		};
		52350DD4233A7E30007F2937 /* Release */ = {
			isa = XCBuildConfiguration;
			buildSettings = {
				ALWAYS_SEARCH_USER_PATHS = NO;
				CLANG_ANALYZER_NONNULL = YES;
				CLANG_ANALYZER_NUMBER_OBJECT_CONVERSION = YES_AGGRESSIVE;
				CLANG_CXX_LANGUAGE_STANDARD = "gnu++14";
				CLANG_CXX_LIBRARY = "libc++";
				CLANG_ENABLE_MODULES = YES;
				CLANG_ENABLE_OBJC_ARC = YES;
				CLANG_ENABLE_OBJC_WEAK = YES;
				CLANG_WARN_BLOCK_CAPTURE_AUTORELEASING = YES;
				CLANG_WARN_BOOL_CONVERSION = YES;
				CLANG_WARN_COMMA = YES;
				CLANG_WARN_CONSTANT_CONVERSION = YES;
				CLANG_WARN_DEPRECATED_OBJC_IMPLEMENTATIONS = YES;
				CLANG_WARN_DIRECT_OBJC_ISA_USAGE = YES_ERROR;
				CLANG_WARN_DOCUMENTATION_COMMENTS = YES;
				CLANG_WARN_EMPTY_BODY = YES;
				CLANG_WARN_ENUM_CONVERSION = YES;
				CLANG_WARN_INFINITE_RECURSION = YES;
				CLANG_WARN_INT_CONVERSION = YES;
				CLANG_WARN_NON_LITERAL_NULL_CONVERSION = YES;
				CLANG_WARN_OBJC_IMPLICIT_RETAIN_SELF = YES;
				CLANG_WARN_OBJC_LITERAL_CONVERSION = YES;
				CLANG_WARN_OBJC_ROOT_CLASS = YES_ERROR;
				CLANG_WARN_RANGE_LOOP_ANALYSIS = YES;
				CLANG_WARN_STRICT_PROTOTYPES = YES;
				CLANG_WARN_SUSPICIOUS_MOVE = YES;
				CLANG_WARN_UNGUARDED_AVAILABILITY = YES_AGGRESSIVE;
				CLANG_WARN_UNREACHABLE_CODE = YES;
				CLANG_WARN__DUPLICATE_METHOD_MATCH = YES;
				COPY_PHASE_STRIP = NO;
				DEBUG_INFORMATION_FORMAT = "dwarf-with-dsym";
				ENABLE_NS_ASSERTIONS = NO;
				ENABLE_STRICT_OBJC_MSGSEND = YES;
				GCC_C_LANGUAGE_STANDARD = gnu11;
				GCC_NO_COMMON_BLOCKS = YES;
				GCC_WARN_64_TO_32_BIT_CONVERSION = YES;
				GCC_WARN_ABOUT_RETURN_TYPE = YES_ERROR;
				GCC_WARN_UNDECLARED_SELECTOR = YES;
				GCC_WARN_UNINITIALIZED_AUTOS = YES_AGGRESSIVE;
				GCC_WARN_UNUSED_FUNCTION = YES;
				GCC_WARN_UNUSED_VARIABLE = YES;
				IPHONEOS_DEPLOYMENT_TARGET = 13.0;
				MTL_ENABLE_DEBUG_INFO = NO;
				MTL_FAST_MATH = YES;
				SDKROOT = iphoneos;
				SWIFT_COMPILATION_MODE = wholemodule;
				SWIFT_OPTIMIZATION_LEVEL = "-O";
				VALIDATE_PRODUCT = YES;
			};
			name = Release;
		};
		52350DD6233A7E30007F2937 /* Debug */ = {
			isa = XCBuildConfiguration;
			buildSettings = {
				ASSETCATALOG_COMPILER_APPICON_NAME = AppIcon;
				CODE_SIGN_STYLE = Automatic;
				DEVELOPMENT_ASSET_PATHS = "\"ImagePickerSwiftUI/Preview Content\"";
				DEVELOPMENT_TEAM = 354LKKM3T2;
				ENABLE_PREVIEWS = YES;
				INFOPLIST_FILE = ImagePickerSwiftUI/Info.plist;
				LD_RUNPATH_SEARCH_PATHS = (
					"$(inherited)",
					"@executable_path/Frameworks",
				);
				PRODUCT_BUNDLE_IDENTIFIER = com.kuang.quicktest;
				PRODUCT_NAME = "$(TARGET_NAME)";
				SWIFT_VERSION = 5.0;
				TARGETED_DEVICE_FAMILY = "1,2";
			};
			name = Debug;
		};
		52350DD7233A7E30007F2937 /* Release */ = {
			isa = XCBuildConfiguration;
			buildSettings = {
				ASSETCATALOG_COMPILER_APPICON_NAME = AppIcon;
				CODE_SIGN_STYLE = Automatic;
				DEVELOPMENT_ASSET_PATHS = "\"ImagePickerSwiftUI/Preview Content\"";
				DEVELOPMENT_TEAM = 354LKKM3T2;
				ENABLE_PREVIEWS = YES;
				INFOPLIST_FILE = ImagePickerSwiftUI/Info.plist;
				LD_RUNPATH_SEARCH_PATHS = (
					"$(inherited)",
					"@executable_path/Frameworks",
				);
				PRODUCT_BUNDLE_IDENTIFIER = com.kuang.quicktest;
				PRODUCT_NAME = "$(TARGET_NAME)";
				SWIFT_VERSION = 5.0;
				TARGETED_DEVICE_FAMILY = "1,2";
			};
			name = Release;
		};
/* End XCBuildConfiguration section */

/* Begin XCConfigurationList section */
		52350DBC233A7E2E007F2937 /* Build configuration list for PBXProject "ImagePickerSwiftUI" */ = {
			isa = XCConfigurationList;
			buildConfigurations = (
				52350DD3233A7E30007F2937 /* Debug */,
				52350DD4233A7E30007F2937 /* Release */,
			);
			defaultConfigurationIsVisible = 0;
			defaultConfigurationName = Release;
		};
		52350DD5233A7E30007F2937 /* Build configuration list for PBXNativeTarget "ImagePickerSwiftUI" */ = {
			isa = XCConfigurationList;
			buildConfigurations = (
				52350DD6233A7E30007F2937 /* Debug */,
				52350DD7233A7E30007F2937 /* Release */,
			);
			defaultConfigurationIsVisible = 0;
			defaultConfigurationName = Release;
		};
/* End XCConfigurationList section */
	};
	rootObject = 52350DB9233A7E2E007F2937 /* Project object */;
}
